
Microsoft Visual Studio Solution File, Format Version 12.00
# Visual Studio Version 17
VisualStudioVersion = 17.3.32901.215
MinimumVisualStudioVersion = 10.0.40219.1
Project("{9A19103F-16F7-4668-BE54-9A1E7A4F7556}") = "HSSIS.Web.API", "HSSIS.Web.API\HSSIS.Web.API.csproj", "{91E602F4-9504-4241-8A20-4AAE385B5B3D}"
EndProject
Project("{2150E333-8FDC-42A3-9474-1A3956D46DE8}") = "CoreLayers", "CoreLayers", "{66289BFA-E625-4EEA-99C8-889DFEB4793C}"
EndProject
Project("{2150E333-8FDC-42A3-9474-1A3956D46DE8}") = "WebAPI", "WebAPI", "{8F5ECE65-8753-4F50-972A-CDD514E0EC8C}"
EndProject
Project("{2150E333-8FDC-42A3-9474-1A3956D46DE8}") = "webPortal", "webPortal", "{54675419-6787-4466-9941-74C039DCAA4C}"
EndProject
Project("{9A19103F-16F7-4668-BE54-9A1E7A4F7556}") = "HSSIS.Data", "HSSIS.Data\HSSIS.Data.csproj", "{00D101BA-62C1-4720-8166-5248FD099DFF}"
EndProject
Project("{9A19103F-16F7-4668-BE54-9A1E7A4F7556}") = "HSSIS.Repository", "HSSIS.Repository\HSSIS.Repository.csproj", "{5477BE58-DD53-4CEB-89C5-72D9A9DBA12D}"
EndProject
Project("{9A19103F-16F7-4668-BE54-9A1E7A4F7556}") = "HSSIS.Models", "HSSIS.Models\HSSIS.Models.csproj", "{7459A191-6E90-4834-B279-A356E141752F}"
EndProject
Project("{9A19103F-16F7-4668-BE54-9A1E7A4F7556}") = "HSSIS.Core", "HSSIS.Core\HSSIS.Core.csproj", "{606E12F8-7C6D-4C4A-8CA2-E38A08FFB92A}"
EndProject
Project("{9A19103F-16F7-4668-BE54-9A1E7A4F7556}") = "HSSIS.Web.UI", "HSSIS.Web.UI\HSSIS.Web.UI.csproj", "{FF6715D1-640E-4F18-8EE4-54406D1DF9B5}"
EndProject
Project("{FAE04EC0-301F-11D3-BF4B-00C04F79EFBC}") = "HSSIS.Business", "HSSIS.Business\HSSIS.Business.csproj", "{5501CFD7-F99E-416E-81B5-C78A5895022A}"
EndProject
Global
	GlobalSection(SolutionConfigurationPlatforms) = preSolution
		Debug|Any CPU = Debug|Any CPU
		Release|Any CPU = Release|Any CPU
	EndGlobalSection
	GlobalSection(ProjectConfigurationPlatforms) = postSolution
		{91E602F4-9504-4241-8A20-4AAE385B5B3D}.Debug|Any CPU.ActiveCfg = Debug|Any CPU
		{91E602F4-9504-4241-8A20-4AAE385B5B3D}.Debug|Any CPU.Build.0 = Debug|Any CPU
		{91E602F4-9504-4241-8A20-4AAE385B5B3D}.Release|Any CPU.ActiveCfg = Release|Any CPU
		{91E602F4-9504-4241-8A20-4AAE385B5B3D}.Release|Any CPU.Build.0 = Release|Any CPU
		{00D101BA-62C1-4720-8166-5248FD099DFF}.Debug|Any CPU.ActiveCfg = Debug|Any CPU
		{00D101BA-62C1-4720-8166-5248FD099DFF}.Debug|Any CPU.Build.0 = Debug|Any CPU
		{00D101BA-62C1-4720-8166-5248FD099DFF}.Release|Any CPU.ActiveCfg = Release|Any CPU
		{00D101BA-62C1-4720-8166-5248FD099DFF}.Release|Any CPU.Build.0 = Release|Any CPU
		{5477BE58-DD53-4CEB-89C5-72D9A9DBA12D}.Debug|Any CPU.ActiveCfg = Debug|Any CPU
		{5477BE58-DD53-4CEB-89C5-72D9A9DBA12D}.Debug|Any CPU.Build.0 = Debug|Any CPU
		{5477BE58-DD53-4CEB-89C5-72D9A9DBA12D}.Release|Any CPU.ActiveCfg = Release|Any CPU
		{5477BE58-DD53-4CEB-89C5-72D9A9DBA12D}.Release|Any CPU.Build.0 = Release|Any CPU
		{7459A191-6E90-4834-B279-A356E141752F}.Debug|Any CPU.ActiveCfg = Debug|Any CPU
		{7459A191-6E90-4834-B279-A356E141752F}.Debug|Any CPU.Build.0 = Debug|Any CPU
		{7459A191-6E90-4834-B279-A356E141752F}.Release|Any CPU.ActiveCfg = Release|Any CPU
		{7459A191-6E90-4834-B279-A356E141752F}.Release|Any CPU.Build.0 = Release|Any CPU
		{606E12F8-7C6D-4C4A-8CA2-E38A08FFB92A}.Debug|Any CPU.ActiveCfg = Debug|Any CPU
		{606E12F8-7C6D-4C4A-8CA2-E38A08FFB92A}.Debug|Any CPU.Build.0 = Debug|Any CPU
		{606E12F8-7C6D-4C4A-8CA2-E38A08FFB92A}.Release|Any CPU.ActiveCfg = Release|Any CPU
		{606E12F8-7C6D-4C4A-8CA2-E38A08FFB92A}.Release|Any CPU.Build.0 = Release|Any CPU
		{FF6715D1-640E-4F18-8EE4-54406D1DF9B5}.Debug|Any CPU.ActiveCfg = Debug|Any CPU
		{FF6715D1-640E-4F18-8EE4-54406D1DF9B5}.Debug|Any CPU.Build.0 = Debug|Any CPU
		{FF6715D1-640E-4F18-8EE4-54406D1DF9B5}.Release|Any CPU.ActiveCfg = Release|Any CPU
		{FF6715D1-640E-4F18-8EE4-54406D1DF9B5}.Release|Any CPU.Build.0 = Release|Any CPU
		{5501CFD7-F99E-416E-81B5-C78A5895022A}.Debug|Any CPU.ActiveCfg = Debug|Any CPU
		{5501CFD7-F99E-416E-81B5-C78A5895022A}.Debug|Any CPU.Build.0 = Debug|Any CPU
		{5501CFD7-F99E-416E-81B5-C78A5895022A}.Release|Any CPU.ActiveCfg = Release|Any CPU
		{5501CFD7-F99E-416E-81B5-C78A5895022A}.Release|Any CPU.Build.0 = Release|Any CPU
	EndGlobalSection
	GlobalSection(SolutionProperties) = preSolution
		HideSolutionNode = FALSE
	EndGlobalSection
	GlobalSection(NestedProjects) = preSolution
		{91E602F4-9504-4241-8A20-4AAE385B5B3D} = {8F5ECE65-8753-4F50-972A-CDD514E0EC8C}
		{00D101BA-62C1-4720-8166-5248FD099DFF} = {66289BFA-E625-4EEA-99C8-889DFEB4793C}
		{5477BE58-DD53-4CEB-89C5-72D9A9DBA12D} = {66289BFA-E625-4EEA-99C8-889DFEB4793C}
		{7459A191-6E90-4834-B279-A356E141752F} = {66289BFA-E625-4EEA-99C8-889DFEB4793C}
		{606E12F8-7C6D-4C4A-8CA2-E38A08FFB92A} = {66289BFA-E625-4EEA-99C8-889DFEB4793C}
		{FF6715D1-640E-4F18-8EE4-54406D1DF9B5} = {54675419-6787-4466-9941-74C039DCAA4C}
		{5501CFD7-F99E-416E-81B5-C78A5895022A} = {66289BFA-E625-4EEA-99C8-889DFEB4793C}
	EndGlobalSection
	GlobalSection(ExtensibilityGlobals) = postSolution
		SolutionGuid = {9A59C2BB-AD8F-40D1-8F94-4552DC7BDCD4}
	EndGlobalSection
EndGlobal
